// !$*UTF8*$!
{
	archiveVersion = 1;
	classes = {
	};
	objectVersion = 50;
	objects = {

/* Begin PBXBuildFile section */
		8A20A553212827040035E882 /* AppDelegate.swift in Sources */ = {isa = PBXBuildFile; fileRef = 8A20A552212827040035E882 /* AppDelegate.swift */; };
		8A20A558212827040035E882 /* Main.storyboard in Resources */ = {isa = PBXBuildFile; fileRef = 8A20A556212827040035E882 /* Main.storyboard */; };
		8A20A55A212827070035E882 /* Assets.xcassets in Resources */ = {isa = PBXBuildFile; fileRef = 8A20A559212827070035E882 /* Assets.xcassets */; };
		8A20A55D212827070035E882 /* LaunchScreen.storyboard in Resources */ = {isa = PBXBuildFile; fileRef = 8A20A55B212827070035E882 /* LaunchScreen.storyboard */; };
		8A20A568212827070035E882 /* CitiesTests.swift in Sources */ = {isa = PBXBuildFile; fileRef = 8A20A567212827070035E882 /* CitiesTests.swift */; };
		8A20A5732128318D0035E882 /* cities.json in Resources */ = {isa = PBXBuildFile; fileRef = 8A20A5722128318D0035E882 /* cities.json */; };
		8A20A575212831D10035E882 /* City.swift in Sources */ = {isa = PBXBuildFile; fileRef = 8A20A574212831D10035E882 /* City.swift */; };
		8A20A577212832180035E882 /* Coordinate.swift in Sources */ = {isa = PBXBuildFile; fileRef = 8A20A576212832180035E882 /* Coordinate.swift */; };
		8A20A5792128327F0035E882 /* CityListViewController.swift in Sources */ = {isa = PBXBuildFile; fileRef = 8A20A5782128327F0035E882 /* CityListViewController.swift */; };
		8A20A57B212832D00035E882 /* CityCoordinateViewController.swift in Sources */ = {isa = PBXBuildFile; fileRef = 8A20A57A212832D00035E882 /* CityCoordinateViewController.swift */; };
/* End PBXBuildFile section */

/* Begin PBXContainerItemProxy section */
		8A20A564212827070035E882 /* PBXContainerItemProxy */ = {
			isa = PBXContainerItemProxy;
			containerPortal = 8A20A547212827040035E882 /* Project object */;
			proxyType = 1;
			remoteGlobalIDString = 8A20A54E212827040035E882;
			remoteInfo = Cities;
		};
/* End PBXContainerItemProxy section */

/* Begin PBXFileReference section */
		8A20A54F212827040035E882 /* Cities.app */ = {isa = PBXFileReference; explicitFileType = wrapper.application; includeInIndex = 0; path = Cities.app; sourceTree = BUILT_PRODUCTS_DIR; };
		8A20A552212827040035E882 /* AppDelegate.swift */ = {isa = PBXFileReference; lastKnownFileType = sourcecode.swift; path = AppDelegate.swift; sourceTree = "<group>"; };
		8A20A557212827040035E882 /* Base */ = {isa = PBXFileReference; lastKnownFileType = file.storyboard; name = Base; path = Base.lproj/Main.storyboard; sourceTree = "<group>"; };
		8A20A559212827070035E882 /* Assets.xcassets */ = {isa = PBXFileReference; lastKnownFileType = folder.assetcatalog; path = Assets.xcassets; sourceTree = "<group>"; };
		8A20A55C212827070035E882 /* Base */ = {isa = PBXFileReference; lastKnownFileType = file.storyboard; name = Base; path = Base.lproj/LaunchScreen.storyboard; sourceTree = "<group>"; };
		8A20A55E212827070035E882 /* Info.plist */ = {isa = PBXFileReference; lastKnownFileType = text.plist.xml; path = Info.plist; sourceTree = "<group>"; };
		8A20A563212827070035E882 /* CitiesTests.xctest */ = {isa = PBXFileReference; explicitFileType = wrapper.cfbundle; includeInIndex = 0; path = CitiesTests.xctest; sourceTree = BUILT_PRODUCTS_DIR; };
		8A20A567212827070035E882 /* CitiesTests.swift */ = {isa = PBXFileReference; lastKnownFileType = sourcecode.swift; path = CitiesTests.swift; sourceTree = "<group>"; };
		8A20A569212827070035E882 /* Info.plist */ = {isa = PBXFileReference; lastKnownFileType = text.plist.xml; path = Info.plist; sourceTree = "<group>"; };
		8A20A5722128318D0035E882 /* cities.json */ = {isa = PBXFileReference; fileEncoding = 4; lastKnownFileType = text.json; path = cities.json; sourceTree = "<group>"; };
		8A20A574212831D10035E882 /* City.swift */ = {isa = PBXFileReference; lastKnownFileType = sourcecode.swift; path = City.swift; sourceTree = "<group>"; };
		8A20A576212832180035E882 /* Coordinate.swift */ = {isa = PBXFileReference; lastKnownFileType = sourcecode.swift; path = Coordinate.swift; sourceTree = "<group>"; };
		8A20A5782128327F0035E882 /* CityListViewController.swift */ = {isa = PBXFileReference; lastKnownFileType = sourcecode.swift; path = CityListViewController.swift; sourceTree = "<group>"; };
		8A20A57A212832D00035E882 /* CityCoordinateViewController.swift */ = {isa = PBXFileReference; lastKnownFileType = sourcecode.swift; path = CityCoordinateViewController.swift; sourceTree = "<group>"; };
/* End PBXFileReference section */

/* Begin PBXFrameworksBuildPhase section */
		8A20A54C212827040035E882 /* Frameworks */ = {
			isa = PBXFrameworksBuildPhase;
			buildActionMask = 2147483647;
			files = (
			);
			runOnlyForDeploymentPostprocessing = 0;
		};
		8A20A560212827070035E882 /* Frameworks */ = {
			isa = PBXFrameworksBuildPhase;
			buildActionMask = 2147483647;
			files = (
			);
			runOnlyForDeploymentPostprocessing = 0;
		};
/* End PBXFrameworksBuildPhase section */

/* Begin PBXGroup section */
		8A20A546212827040035E882 = {
			isa = PBXGroup;
			children = (
				8A20A551212827040035E882 /* Cities */,
				8A20A566212827070035E882 /* CitiesTests */,
				8A20A550212827040035E882 /* Products */,
			);
			sourceTree = "<group>";
		};
		8A20A550212827040035E882 /* Products */ = {
			isa = PBXGroup;
			children = (
				8A20A54F212827040035E882 /* Cities.app */,
				8A20A563212827070035E882 /* CitiesTests.xctest */,
			);
			name = Products;
			sourceTree = "<group>";
		};
		8A20A551212827040035E882 /* Cities */ = {
			isa = PBXGroup;
			children = (
				8A20A5722128318D0035E882 /* cities.json */,
				8A20A552212827040035E882 /* AppDelegate.swift */,
				8A20A5782128327F0035E882 /* CityListViewController.swift */,
				8A20A57A212832D00035E882 /* CityCoordinateViewController.swift */,
				8A20A574212831D10035E882 /* City.swift */,
				8A20A576212832180035E882 /* Coordinate.swift */,
				8A20A556212827040035E882 /* Main.storyboard */,
				8A20A559212827070035E882 /* Assets.xcassets */,
				8A20A55B212827070035E882 /* LaunchScreen.storyboard */,
				8A20A55E212827070035E882 /* Info.plist */,
			);
			path = Cities;
			sourceTree = "<group>";
		};
		8A20A566212827070035E882 /* CitiesTests */ = {
			isa = PBXGroup;
			children = (
				8A20A567212827070035E882 /* CitiesTests.swift */,
				8A20A569212827070035E882 /* Info.plist */,
			);
			path = CitiesTests;
			sourceTree = "<group>";
		};
/* End PBXGroup section */

/* Begin PBXNativeTarget section */
		8A20A54E212827040035E882 /* Cities */ = {
			isa = PBXNativeTarget;
			buildConfigurationList = 8A20A56C212827070035E882 /* Build configuration list for PBXNativeTarget "Cities" */;
			buildPhases = (
				8A20A54B212827040035E882 /* Sources */,
				8A20A54C212827040035E882 /* Frameworks */,
				8A20A54D212827040035E882 /* Resources */,
			);
			buildRules = (
			);
			dependencies = (
			);
			name = Cities;
			productName = Cities;
			productReference = 8A20A54F212827040035E882 /* Cities.app */;
			productType = "com.apple.product-type.application";
		};
		8A20A562212827070035E882 /* CitiesTests */ = {
			isa = PBXNativeTarget;
			buildConfigurationList = 8A20A56F212827070035E882 /* Build configuration list for PBXNativeTarget "CitiesTests" */;
			buildPhases = (
				8A20A55F212827070035E882 /* Sources */,
				8A20A560212827070035E882 /* Frameworks */,
				8A20A561212827070035E882 /* Resources */,
			);
			buildRules = (
			);
			dependencies = (
				8A20A565212827070035E882 /* PBXTargetDependency */,
			);
			name = CitiesTests;
			productName = CitiesTests;
			productReference = 8A20A563212827070035E882 /* CitiesTests.xctest */;
			productType = "com.apple.product-type.bundle.unit-test";
		};
/* End PBXNativeTarget section */

/* Begin PBXProject section */
		8A20A547212827040035E882 /* Project object */ = {
			isa = PBXProject;
			attributes = {
				LastSwiftUpdateCheck = 0940;
				LastUpgradeCheck = 0940;
				ORGANIZATIONNAME = "Rafael Nascimento";
				TargetAttributes = {
					8A20A54E212827040035E882 = {
						CreatedOnToolsVersion = 9.4.1;
					};
					8A20A562212827070035E882 = {
						CreatedOnToolsVersion = 9.4.1;
						TestTargetID = 8A20A54E212827040035E882;
					};
				};
			};
			buildConfigurationList = 8A20A54A212827040035E882 /* Build configuration list for PBXProject "Cities" */;
			compatibilityVersion = "Xcode 9.3";
			developmentRegion = en;
			hasScannedForEncodings = 0;
			knownRegions = (
				en,
				Base,
			);
			mainGroup = 8A20A546212827040035E882;
			productRefGroup = 8A20A550212827040035E882 /* Products */;
			projectDirPath = "";
			projectRoot = "";
			targets = (
				8A20A54E212827040035E882 /* Cities */,
				8A20A562212827070035E882 /* CitiesTests */,
			);
		};
/* End PBXProject section */

/* Begin PBXResourcesBuildPhase section */
		8A20A54D212827040035E882 /* Resources */ = {
			isa = PBXResourcesBuildPhase;
			buildActionMask = 2147483647;
			files = (
				8A20A5732128318D0035E882 /* cities.json in Resources */,
				8A20A55D212827070035E882 /* LaunchScreen.storyboard in Resources */,
				8A20A55A212827070035E882 /* Assets.xcassets in Resources */,
				8A20A558212827040035E882 /* Main.storyboard in Resources */,
			);
			runOnlyForDeploymentPostprocessing = 0;
		};
		8A20A561212827070035E882 /* Resources */ = {
			isa = PBXResourcesBuildPhase;
			buildActionMask = 2147483647;
			files = (
			);
			runOnlyForDeploymentPostprocessing = 0;
		};
/* End PBXResourcesBuildPhase section */

/* Begin PBXSourcesBuildPhase section */
		8A20A54B212827040035E882 /* Sources */ = {
			isa = PBXSourcesBuildPhase;
			buildActionMask = 2147483647;
			files = (
				8A20A553212827040035E882 /* AppDelegate.swift in Sources */,
				8A20A575212831D10035E882 /* City.swift in Sources */,
				8A20A57B212832D00035E882 /* CityCoordinateViewController.swift in Sources */,
				8A20A5792128327F0035E882 /* CityListViewController.swift in Sources */,
				8A20A577212832180035E882 /* Coordinate.swift in Sources */,
			);
			runOnlyForDeploymentPostprocessing = 0;
		};
		8A20A55F212827070035E882 /* Sources */ = {
			isa = PBXSourcesBuildPhase;
			buildActionMask = 2147483647;
			files = (
				8A20A568212827070035E882 /* CitiesTests.swift in Sources */,
			);
			runOnlyForDeploymentPostprocessing = 0;
		};
/* End PBXSourcesBuildPhase section */

/* Begin PBXTargetDependency section */
		8A20A565212827070035E882 /* PBXTargetDependency */ = {
			isa = PBXTargetDependency;
			target = 8A20A54E212827040035E882 /* Cities */;
			targetProxy = 8A20A564212827070035E882 /* PBXContainerItemProxy */;
		};
/* End PBXTargetDependency section */

/* Begin PBXVariantGroup section */
		8A20A556212827040035E882 /* Main.storyboard */ = {
			isa = PBXVariantGroup;
			children = (
				8A20A557212827040035E882 /* Base */,
			);
			name = Main.storyboard;
			sourceTree = "<group>";
		};
		8A20A55B212827070035E882 /* LaunchScreen.storyboard */ = {
			isa = PBXVariantGroup;
			children = (
				8A20A55C212827070035E882 /* Base */,
			);
			name = LaunchScreen.storyboard;
			sourceTree = "<group>";
		};
/* End PBXVariantGroup section */

/* Begin XCBuildConfiguration section */
		8A20A56A212827070035E882 /* Debug */ = {
			isa = XCBuildConfiguration;
			buildSettings = {
				ALWAYS_SEARCH_USER_PATHS = NO;
				CLANG_ANALYZER_NONNULL = YES;
				CLANG_ANALYZER_NUMBER_OBJECT_CONVERSION = YES_AGGRESSIVE;
				CLANG_CXX_LANGUAGE_STANDARD = "gnu++14";
				CLANG_CXX_LIBRARY = "libc++";
				CLANG_ENABLE_MODULES = YES;
				CLANG_ENABLE_OBJC_ARC = YES;
				CLANG_ENABLE_OBJC_WEAK = YES;
				CLANG_WARN_BLOCK_CAPTURE_AUTORELEASING = YES;
				CLANG_WARN_BOOL_CONVERSION = YES;
				CLANG_WARN_COMMA = YES;
				CLANG_WARN_CONSTANT_CONVERSION = YES;
				CLANG_WARN_DEPRECATED_OBJC_IMPLEMENTATIONS = YES;
				CLANG_WARN_DIRECT_OBJC_ISA_USAGE = YES_ERROR;
				CLANG_WARN_DOCUMENTATION_COMMENTS = YES;
				CLANG_WARN_EMPTY_BODY = YES;
				CLANG_WARN_ENUM_CONVERSION = YES;
				CLANG_WARN_INFINITE_RECURSION = YES;
				CLANG_WARN_INT_CONVERSION = YES;
				CLANG_WARN_NON_LITERAL_NULL_CONVERSION = YES;
				CLANG_WARN_OBJC_IMPLICIT_RETAIN_SELF = YES;
				CLANG_WARN_OBJC_LITERAL_CONVERSION = YES;
				CLANG_WARN_OBJC_ROOT_CLASS = YES_ERROR;
				CLANG_WARN_RANGE_LOOP_ANALYSIS = YES;
				CLANG_WARN_STRICT_PROTOTYPES = YES;
				CLANG_WARN_SUSPICIOUS_MOVE = YES;
				CLANG_WARN_UNGUARDED_AVAILABILITY = YES_AGGRESSIVE;
				CLANG_WARN_UNREACHABLE_CODE = YES;
				CLANG_WARN__DUPLICATE_METHOD_MATCH = YES;
				CODE_SIGN_IDENTITY = "iPhone Developer";
				COPY_PHASE_STRIP = NO;
				DEBUG_INFORMATION_FORMAT = dwarf;
				ENABLE_STRICT_OBJC_MSGSEND = YES;
				ENABLE_TESTABILITY = YES;
				GCC_C_LANGUAGE_STANDARD = gnu11;
				GCC_DYNAMIC_NO_PIC = NO;
				GCC_NO_COMMON_BLOCKS = YES;
				GCC_OPTIMIZATION_LEVEL = 0;
				GCC_PREPROCESSOR_DEFINITIONS = (
					"DEBUG=1",
					"$(inherited)",
				);
				GCC_WARN_64_TO_32_BIT_CONVERSION = YES;
				GCC_WARN_ABOUT_RETURN_TYPE = YES_ERROR;
				GCC_WARN_UNDECLARED_SELECTOR = YES;
				GCC_WARN_UNINITIALIZED_AUTOS = YES_AGGRESSIVE;
				GCC_WARN_UNUSED_FUNCTION = YES;
				GCC_WARN_UNUSED_VARIABLE = YES;
				IPHONEOS_DEPLOYMENT_TARGET = 11.4;
				MTL_ENABLE_DEBUG_INFO = YES;
				ONLY_ACTIVE_ARCH = YES;
				SDKROOT = iphoneos;
				SWIFT_ACTIVE_COMPILATION_CONDITIONS = DEBUG;
				SWIFT_OPTIMIZATION_LEVEL = "-Onone";
			};
			name = Debug;
		};
		8A20A56B212827070035E882 /* Release */ = {
			isa = XCBuildConfiguration;
			buildSettings = {
				ALWAYS_SEARCH_USER_PATHS = NO;
				CLANG_ANALYZER_NONNULL = YES;
				CLANG_ANALYZER_NUMBER_OBJECT_CONVERSION = YES_AGGRESSIVE;
				CLANG_CXX_LANGUAGE_STANDARD = "gnu++14";
				CLANG_CXX_LIBRARY = "libc++";
				CLANG_ENABLE_MODULES = YES;
				CLANG_ENABLE_OBJC_ARC = YES;
				CLANG_ENABLE_OBJC_WEAK = YES;
				CLANG_WARN_BLOCK_CAPTURE_AUTORELEASING = YES;
				CLANG_WARN_BOOL_CONVERSION = YES;
				CLANG_WARN_COMMA = YES;
				CLANG_WARN_CONSTANT_CONVERSION = YES;
				CLANG_WARN_DEPRECATED_OBJC_IMPLEMENTATIONS = YES;
				CLANG_WARN_DIRECT_OBJC_ISA_USAGE = YES_ERROR;
				CLANG_WARN_DOCUMENTATION_COMMENTS = YES;
				CLANG_WARN_EMPTY_BODY = YES;
				CLANG_WARN_ENUM_CONVERSION = YES;
				CLANG_WARN_INFINITE_RECURSION = YES;
				CLANG_WARN_INT_CONVERSION = YES;
				CLANG_WARN_NON_LITERAL_NULL_CONVERSION = YES;
				CLANG_WARN_OBJC_IMPLICIT_RETAIN_SELF = YES;
				CLANG_WARN_OBJC_LITERAL_CONVERSION = YES;
				CLANG_WARN_OBJC_ROOT_CLASS = YES_ERROR;
				CLANG_WARN_RANGE_LOOP_ANALYSIS = YES;
				CLANG_WARN_STRICT_PROTOTYPES = YES;
				CLANG_WARN_SUSPICIOUS_MOVE = YES;
				CLANG_WARN_UNGUARDED_AVAILABILITY = YES_AGGRESSIVE;
				CLANG_WARN_UNREACHABLE_CODE = YES;
				CLANG_WARN__DUPLICATE_METHOD_MATCH = YES;
				CODE_SIGN_IDENTITY = "iPhone Developer";
				COPY_PHASE_STRIP = NO;
				DEBUG_INFORMATION_FORMAT = "dwarf-with-dsym";
				ENABLE_NS_ASSERTIONS = NO;
				ENABLE_STRICT_OBJC_MSGSEND = YES;
				GCC_C_LANGUAGE_STANDARD = gnu11;
				GCC_NO_COMMON_BLOCKS = YES;
				GCC_WARN_64_TO_32_BIT_CONVERSION = YES;
				GCC_WARN_ABOUT_RETURN_TYPE = YES_ERROR;
				GCC_WARN_UNDECLARED_SELECTOR = YES;
				GCC_WARN_UNINITIALIZED_AUTOS = YES_AGGRESSIVE;
				GCC_WARN_UNUSED_FUNCTION = YES;
				GCC_WARN_UNUSED_VARIABLE = YES;
				IPHONEOS_DEPLOYMENT_TARGET = 11.4;
				MTL_ENABLE_DEBUG_INFO = NO;
				SDKROOT = iphoneos;
				SWIFT_COMPILATION_MODE = wholemodule;
				SWIFT_OPTIMIZATION_LEVEL = "-O";
				VALIDATE_PRODUCT = YES;
			};
			name = Release;
		};
		8A20A56D212827070035E882 /* Debug */ = {
			isa = XCBuildConfiguration;
			buildSettings = {
				ASSETCATALOG_COMPILER_APPICON_NAME = AppIcon;
				CODE_SIGN_STYLE = Automatic;
				DEVELOPMENT_TEAM = QR2K77LZPM;
				INFOPLIST_FILE = Cities/Info.plist;
				IPHONEOS_DEPLOYMENT_TARGET = 10.0;
				LD_RUNPATH_SEARCH_PATHS = (
					"$(inherited)",
					"@executable_path/Frameworks",
				);
				PRODUCT_BUNDLE_IDENTIFIER = com.rafael.cities;
				PRODUCT_NAME = "$(TARGET_NAME)";
				SWIFT_VERSION = 4.0;
				TARGETED_DEVICE_FAMILY = "1,2";
			};
			name = Debug;
		};
		8A20A56E212827070035E882 /* Release */ = {
			isa = XCBuildConfiguration;
			buildSettings = {
				ASSETCATALOG_COMPILER_APPICON_NAME = AppIcon;
				CODE_SIGN_STYLE = Automatic;
				DEVELOPMENT_TEAM = QR2K77LZPM;
				INFOPLIST_FILE = Cities/Info.plist;
				IPHONEOS_DEPLOYMENT_TARGET = 10.0;
				LD_RUNPATH_SEARCH_PATHS = (
					"$(inherited)",
					"@executable_path/Frameworks",
				);
				PRODUCT_BUNDLE_IDENTIFIER = com.rafael.cities;
				PRODUCT_NAME = "$(TARGET_NAME)";
				SWIFT_VERSION = 4.0;
				TARGETED_DEVICE_FAMILY = "1,2";
			};
			name = Release;
		};
		8A20A570212827070035E882 /* Debug */ = {
			isa = XCBuildConfiguration;
			buildSettings = {
				ALWAYS_EMBED_SWIFT_STANDARD_LIBRARIES = YES;
				BUNDLE_LOADER = "$(TEST_HOST)";
				CODE_SIGN_STYLE = Automatic;
				DEVELOPMENT_TEAM = QR2K77LZPM;
				INFOPLIST_FILE = CitiesTests/Info.plist;
				LD_RUNPATH_SEARCH_PATHS = (
					"$(inherited)",
					"@executable_path/Frameworks",
					"@loader_path/Frameworks",
				);
				PRODUCT_BUNDLE_IDENTIFIER = com.rafael.cities.CitiesTests;
				PRODUCT_NAME = "$(TARGET_NAME)";
				SWIFT_VERSION = 4.0;
				TARGETED_DEVICE_FAMILY = "1,2";
				TEST_HOST = "$(BUILT_PRODUCTS_DIR)/Cities.app/Cities";
			};
			name = Debug;
		};
		8A20A571212827070035E882 /* Release */ = {
			isa = XCBuildConfiguration;
			buildSettings = {
				ALWAYS_EMBED_SWIFT_STANDARD_LIBRARIES = YES;
				BUNDLE_LOADER = "$(TEST_HOST)";
				CODE_SIGN_STYLE = Automatic;
				DEVELOPMENT_TEAM = QR2K77LZPM;
				INFOPLIST_FILE = CitiesTests/Info.plist;
				LD_RUNPATH_SEARCH_PATHS = (
					"$(inherited)",
					"@executable_path/Frameworks",
					"@loader_path/Frameworks",
				);
				PRODUCT_BUNDLE_IDENTIFIER = com.rafael.cities.CitiesTests;
				PRODUCT_NAME = "$(TARGET_NAME)";
				SWIFT_VERSION = 4.0;
				TARGETED_DEVICE_FAMILY = "1,2";
				TEST_HOST = "$(BUILT_PRODUCTS_DIR)/Cities.app/Cities";
			};
			name = Release;
		};
/* End XCBuildConfiguration section */

/* Begin XCConfigurationList section */
		8A20A54A212827040035E882 /* Build configuration list for PBXProject "Cities" */ = {
			isa = XCConfigurationList;
			buildConfigurations = (
				8A20A56A212827070035E882 /* Debug */,
				8A20A56B212827070035E882 /* Release */,
			);
			defaultConfigurationIsVisible = 0;
			defaultConfigurationName = Release;
		};
		8A20A56C212827070035E882 /* Build configuration list for PBXNativeTarget "Cities" */ = {
			isa = XCConfigurationList;
			buildConfigurations = (
				8A20A56D212827070035E882 /* Debug */,
				8A20A56E212827070035E882 /* Release */,
			);
			defaultConfigurationIsVisible = 0;
			defaultConfigurationName = Release;
		};
		8A20A56F212827070035E882 /* Build configuration list for PBXNativeTarget "CitiesTests" */ = {
			isa = XCConfigurationList;
			buildConfigurations = (
				8A20A570212827070035E882 /* Debug */,
				8A20A571212827070035E882 /* Release */,
			);
			defaultConfigurationIsVisible = 0;
			defaultConfigurationName = Release;
		};
/* End XCConfigurationList section */
	};
	rootObject = 8A20A547212827040035E882 /* Project object */;
}
